
Microsoft Visual Studio Solution File, Format Version 12.00
# Visual Studio Version 17
VisualStudioVersion = 17.5.002.0
MinimumVisualStudioVersion = 10.0.40219.1
Project("{9A19103F-16F7-4668-BE54-9A1E7A4F7556}") = "MechanicManager", "Factory\MechanicManager.csproj", "{FBB06031-4DD9-493B-BE81-A27FDAF9B3EE}"
EndProject
Global
	GlobalSection(SolutionConfigurationPlatforms) = preSolution
		Debug|Any CPU = Debug|Any CPU
		Release|Any CPU = Release|Any CPU
	EndGlobalSection
	GlobalSection(ProjectConfigurationPlatforms) = postSolution
		{FBB06031-4DD9-493B-BE81-A27FDAF9B3EE}.Debug|Any CPU.ActiveCfg = Debug|Any CPU
		{FBB06031-4DD9-493B-BE81-A27FDAF9B3EE}.Debug|Any CPU.Build.0 = Debug|Any CPU
		{FBB06031-4DD9-493B-BE81-A27FDAF9B3EE}.Release|Any CPU.ActiveCfg = Release|Any CPU
		{FBB06031-4DD9-493B-BE81-A27FDAF9B3EE}.Release|Any CPU.Build.0 = Release|Any CPU
	EndGlobalSection
	GlobalSection(SolutionProperties) = preSolution
		HideSolutionNode = FALSE
	EndGlobalSection
	GlobalSection(ExtensibilityGlobals) = postSolution
		SolutionGuid = {1167D8F2-DE21-4097-B0FB-551002139CF8}
	EndGlobalSection
EndGlobal
